// !$*UTF8*$!
{
	archiveVersion = 1;
	classes = {
	};
	objectVersion = 51;
	objects = {

/* Begin PBXBuildFile section */
		2E05B33E233DF3A100B85865 /* AppDelegate.swift in Sources */ = {isa = PBXBuildFile; fileRef = 2E05B33D233DF3A100B85865 /* AppDelegate.swift */; };
		2E05B340233DF3A100B85865 /* ViewController.swift in Sources */ = {isa = PBXBuildFile; fileRef = 2E05B33F233DF3A100B85865 /* ViewController.swift */; };
		2E05B343233DF3A100B85865 /* Main.storyboard in Resources */ = {isa = PBXBuildFile; fileRef = 2E05B341233DF3A100B85865 /* Main.storyboard */; };
		2E05B345233DF3A400B85865 /* Assets.xcassets in Resources */ = {isa = PBXBuildFile; fileRef = 2E05B344233DF3A400B85865 /* Assets.xcassets */; };
		2E05B348233DF3A400B85865 /* LaunchScreen.storyboard in Resources */ = {isa = PBXBuildFile; fileRef = 2E05B346233DF3A400B85865 /* LaunchScreen.storyboard */; };
		301C504AF81AFABB8338BB68 /* Pods_AlamofireDemo.framework in Frameworks */ = {isa = PBXBuildFile; fileRef = C8489D1C5CB6BD77575B5DA2 /* Pods_AlamofireDemo.framework */; };
/* End PBXBuildFile section */

/* Begin PBXFileReference section */
		0174EA3CAA53D4EF47F67AA3 /* Pods-AlamofireDemo.debug.xcconfig */ = {isa = PBXFileReference; includeInIndex = 1; lastKnownFileType = text.xcconfig; name = "Pods-AlamofireDemo.debug.xcconfig"; path = "Target Support Files/Pods-AlamofireDemo/Pods-AlamofireDemo.debug.xcconfig"; sourceTree = "<group>"; };
		2E05B33A233DF3A100B85865 /* AlamofireDemo.app */ = {isa = PBXFileReference; explicitFileType = wrapper.application; includeInIndex = 0; path = AlamofireDemo.app; sourceTree = BUILT_PRODUCTS_DIR; };
		2E05B33D233DF3A100B85865 /* AppDelegate.swift */ = {isa = PBXFileReference; lastKnownFileType = sourcecode.swift; path = AppDelegate.swift; sourceTree = "<group>"; };
		2E05B33F233DF3A100B85865 /* ViewController.swift */ = {isa = PBXFileReference; lastKnownFileType = sourcecode.swift; path = ViewController.swift; sourceTree = "<group>"; };
		2E05B342233DF3A100B85865 /* Base */ = {isa = PBXFileReference; lastKnownFileType = file.storyboard; name = Base; path = Base.lproj/Main.storyboard; sourceTree = "<group>"; };
		2E05B344233DF3A400B85865 /* Assets.xcassets */ = {isa = PBXFileReference; lastKnownFileType = folder.assetcatalog; path = Assets.xcassets; sourceTree = "<group>"; };
		2E05B347233DF3A400B85865 /* Base */ = {isa = PBXFileReference; lastKnownFileType = file.storyboard; name = Base; path = Base.lproj/LaunchScreen.storyboard; sourceTree = "<group>"; };
		2E05B349233DF3A400B85865 /* Info.plist */ = {isa = PBXFileReference; lastKnownFileType = text.plist.xml; path = Info.plist; sourceTree = "<group>"; };
		91F7B517EEF55031DD2B0BA2 /* Pods-AlamofireDemo.release.xcconfig */ = {isa = PBXFileReference; includeInIndex = 1; lastKnownFileType = text.xcconfig; name = "Pods-AlamofireDemo.release.xcconfig"; path = "Target Support Files/Pods-AlamofireDemo/Pods-AlamofireDemo.release.xcconfig"; sourceTree = "<group>"; };
		C8489D1C5CB6BD77575B5DA2 /* Pods_AlamofireDemo.framework */ = {isa = PBXFileReference; explicitFileType = wrapper.framework; includeInIndex = 0; path = Pods_AlamofireDemo.framework; sourceTree = BUILT_PRODUCTS_DIR; };
/* End PBXFileReference section */

/* Begin PBXFrameworksBuildPhase section */
		2E05B337233DF3A100B85865 /* Frameworks */ = {
			isa = PBXFrameworksBuildPhase;
			buildActionMask = 2147483647;
			files = (
				301C504AF81AFABB8338BB68 /* Pods_AlamofireDemo.framework in Frameworks */,
			);
			runOnlyForDeploymentPostprocessing = 0;
		};
/* End PBXFrameworksBuildPhase section */

/* Begin PBXGroup section */
		2E05B331233DF3A100B85865 = {
			isa = PBXGroup;
			children = (
				2E05B33C233DF3A100B85865 /* AlamofireDemo */,
				2E05B33B233DF3A100B85865 /* Products */,
				77D375FEA4E8C86639BA9201 /* Pods */,
				34BED6BFF8ED7D2E2D4137E7 /* Frameworks */,
			);
			sourceTree = "<group>";
		};
		2E05B33B233DF3A100B85865 /* Products */ = {
			isa = PBXGroup;
			children = (
				2E05B33A233DF3A100B85865 /* AlamofireDemo.app */,
			);
			name = Products;
			sourceTree = "<group>";
		};
		2E05B33C233DF3A100B85865 /* AlamofireDemo */ = {
			isa = PBXGroup;
			children = (
				2E05B33D233DF3A100B85865 /* AppDelegate.swift */,
				2E05B33F233DF3A100B85865 /* ViewController.swift */,
				2E05B341233DF3A100B85865 /* Main.storyboard */,
				2E05B344233DF3A400B85865 /* Assets.xcassets */,
				2E05B346233DF3A400B85865 /* LaunchScreen.storyboard */,
				2E05B349233DF3A400B85865 /* Info.plist */,
			);
			path = AlamofireDemo;
			sourceTree = "<group>";
		};
		34BED6BFF8ED7D2E2D4137E7 /* Frameworks */ = {
			isa = PBXGroup;
			children = (
				C8489D1C5CB6BD77575B5DA2 /* Pods_AlamofireDemo.framework */,
			);
			name = Frameworks;
			sourceTree = "<group>";
		};
		77D375FEA4E8C86639BA9201 /* Pods */ = {
			isa = PBXGroup;
			children = (
				0174EA3CAA53D4EF47F67AA3 /* Pods-AlamofireDemo.debug.xcconfig */,
				91F7B517EEF55031DD2B0BA2 /* Pods-AlamofireDemo.release.xcconfig */,
			);
			path = Pods;
			sourceTree = "<group>";
		};
/* End PBXGroup section */

/* Begin PBXNativeTarget section */
		2E05B339233DF3A100B85865 /* AlamofireDemo */ = {
			isa = PBXNativeTarget;
			buildConfigurationList = 2E05B34C233DF3A400B85865 /* Build configuration list for PBXNativeTarget "AlamofireDemo" */;
			buildPhases = (
				733FF2ED9E53B96A5B419AC2 /* [CP] Check Pods Manifest.lock */,
				2E05B336233DF3A100B85865 /* Sources */,
				2E05B337233DF3A100B85865 /* Frameworks */,
				2E05B338233DF3A100B85865 /* Resources */,
				84D5751B72C47629B922F86D /* [CP] Embed Pods Frameworks */,
			);
			buildRules = (
			);
			dependencies = (
			);
			name = AlamofireDemo;
			productName = AlamofireDemo;
			productReference = 2E05B33A233DF3A100B85865 /* AlamofireDemo.app */;
			productType = "com.apple.product-type.application";
		};
/* End PBXNativeTarget section */

/* Begin PBXProject section */
		2E05B332233DF3A100B85865 /* Project object */ = {
			isa = PBXProject;
			attributes = {
				LastSwiftUpdateCheck = 1030;
				LastUpgradeCheck = 1030;
				ORGANIZATIONNAME = aStudyer;
				TargetAttributes = {
					2E05B339233DF3A100B85865 = {
						CreatedOnToolsVersion = 10.3;
					};
				};
			};
			buildConfigurationList = 2E05B335233DF3A100B85865 /* Build configuration list for PBXProject "AlamofireDemo" */;
			compatibilityVersion = "Xcode 9.3";
			developmentRegion = en;
			hasScannedForEncodings = 0;
			knownRegions = (
				en,
				Base,
			);
			mainGroup = 2E05B331233DF3A100B85865;
			productRefGroup = 2E05B33B233DF3A100B85865 /* Products */;
			projectDirPath = "";
			projectRoot = "";
			targets = (
				2E05B339233DF3A100B85865 /* AlamofireDemo */,
			);
		};
/* End PBXProject section */

/* Begin PBXResourcesBuildPhase section */
		2E05B338233DF3A100B85865 /* Resources */ = {
			isa = PBXResourcesBuildPhase;
			buildActionMask = 2147483647;
			files = (
				2E05B348233DF3A400B85865 /* LaunchScreen.storyboard in Resources */,
				2E05B345233DF3A400B85865 /* Assets.xcassets in Resources */,
				2E05B343233DF3A100B85865 /* Main.storyboard in Resources */,
			);
			runOnlyForDeploymentPostprocessing = 0;
		};
/* End PBXResourcesBuildPhase section */

/* Begin PBXShellScriptBuildPhase section */
		733FF2ED9E53B96A5B419AC2 /* [CP] Check Pods Manifest.lock */ = {
			isa = PBXShellScriptBuildPhase;
			buildActionMask = 2147483647;
			files = (
			);
			inputFileListPaths = (
			);
			inputPaths = (
				"${PODS_PODFILE_DIR_PATH}/Podfile.lock",
				"${PODS_ROOT}/Manifest.lock",
			);
			name = "[CP] Check Pods Manifest.lock";
			outputFileListPaths = (
			);
			outputPaths = (
				"$(DERIVED_FILE_DIR)/Pods-AlamofireDemo-checkManifestLockResult.txt",
			);
			runOnlyForDeploymentPostprocessing = 0;
			shellPath = /bin/sh;
			shellScript = "diff \"${PODS_PODFILE_DIR_PATH}/Podfile.lock\" \"${PODS_ROOT}/Manifest.lock\" > /dev/null\nif [ $? != 0 ] ; then\n    # print error to STDERR\n    echo \"error: The sandbox is not in sync with the Podfile.lock. Run 'pod install' or update your CocoaPods installation.\" >&2\n    exit 1\nfi\n# This output is used by Xcode 'outputs' to avoid re-running this script phase.\necho \"SUCCESS\" > \"${SCRIPT_OUTPUT_FILE_0}\"\n";
			showEnvVarsInLog = 0;
		};
		84D5751B72C47629B922F86D /* [CP] Embed Pods Frameworks */ = {
			isa = PBXShellScriptBuildPhase;
			buildActionMask = 2147483647;
			files = (
			);
			inputFileListPaths = (
				"${PODS_ROOT}/Target Support Files/Pods-AlamofireDemo/Pods-AlamofireDemo-frameworks-${CONFIGURATION}-input-files.xcfilelist",
			);
			name = "[CP] Embed Pods Frameworks";
			outputFileListPaths = (
				"${PODS_ROOT}/Target Support Files/Pods-AlamofireDemo/Pods-AlamofireDemo-frameworks-${CONFIGURATION}-output-files.xcfilelist",
			);
			runOnlyForDeploymentPostprocessing = 0;
			shellPath = /bin/sh;
			shellScript = "\"${PODS_ROOT}/Target Support Files/Pods-AlamofireDemo/Pods-AlamofireDemo-frameworks.sh\"\n";
			showEnvVarsInLog = 0;
		};
/* End PBXShellScriptBuildPhase section */

/* Begin PBXSourcesBuildPhase section */
		2E05B336233DF3A100B85865 /* Sources */ = {
			isa = PBXSourcesBuildPhase;
			buildActionMask = 2147483647;
			files = (
				2E05B340233DF3A100B85865 /* ViewController.swift in Sources */,
				2E05B33E233DF3A100B85865 /* AppDelegate.swift in Sources */,
			);
			runOnlyForDeploymentPostprocessing = 0;
		};
/* End PBXSourcesBuildPhase section */

/* Begin PBXVariantGroup section */
		2E05B341233DF3A100B85865 /* Main.storyboard */ = {
			isa = PBXVariantGroup;
			children = (
				2E05B342233DF3A100B85865 /* Base */,
			);
			name = Main.storyboard;
			sourceTree = "<group>";
		};
		2E05B346233DF3A400B85865 /* LaunchScreen.storyboard */ = {
			isa = PBXVariantGroup;
			children = (
				2E05B347233DF3A400B85865 /* Base */,
			);
			name = LaunchScreen.storyboard;
			sourceTree = "<group>";
		};
/* End PBXVariantGroup section */

/* Begin XCBuildConfiguration section */
		2E05B34A233DF3A400B85865 /* Debug */ = {
			isa = XCBuildConfiguration;
			buildSettings = {
				ALWAYS_SEARCH_USER_PATHS = NO;
				CLANG_ANALYZER_NONNULL = YES;
				CLANG_ANALYZER_NUMBER_OBJECT_CONVERSION = YES_AGGRESSIVE;
				CLANG_CXX_LANGUAGE_STANDARD = "gnu++14";
				CLANG_CXX_LIBRARY = "libc++";
				CLANG_ENABLE_MODULES = YES;
				CLANG_ENABLE_OBJC_ARC = YES;
				CLANG_ENABLE_OBJC_WEAK = YES;
				CLANG_WARN_BLOCK_CAPTURE_AUTORELEASING = YES;
				CLANG_WARN_BOOL_CONVERSION = YES;
				CLANG_WARN_COMMA = YES;
				CLANG_WARN_CONSTANT_CONVERSION = YES;
				CLANG_WARN_DEPRECATED_OBJC_IMPLEMENTATIONS = YES;
				CLANG_WARN_DIRECT_OBJC_ISA_USAGE = YES_ERROR;
				CLANG_WARN_DOCUMENTATION_COMMENTS = YES;
				CLANG_WARN_EMPTY_BODY = YES;
				CLANG_WARN_ENUM_CONVERSION = YES;
				CLANG_WARN_INFINITE_RECURSION = YES;
				CLANG_WARN_INT_CONVERSION = YES;
				CLANG_WARN_NON_LITERAL_NULL_CONVERSION = YES;
				CLANG_WARN_OBJC_IMPLICIT_RETAIN_SELF = YES;
				CLANG_WARN_OBJC_LITERAL_CONVERSION = YES;
				CLANG_WARN_OBJC_ROOT_CLASS = YES_ERROR;
				CLANG_WARN_RANGE_LOOP_ANALYSIS = YES;
				CLANG_WARN_STRICT_PROTOTYPES = YES;
				CLANG_WARN_SUSPICIOUS_MOVE = YES;
				CLANG_WARN_UNGUARDED_AVAILABILITY = YES_AGGRESSIVE;
				CLANG_WARN_UNREACHABLE_CODE = YES;
				CLANG_WARN__DUPLICATE_METHOD_MATCH = YES;
				CODE_SIGN_IDENTITY = "iPhone Developer";
				COPY_PHASE_STRIP = NO;
				DEBUG_INFORMATION_FORMAT = dwarf;
				ENABLE_STRICT_OBJC_MSGSEND = YES;
				ENABLE_TESTABILITY = YES;
				GCC_C_LANGUAGE_STANDARD = gnu11;
				GCC_DYNAMIC_NO_PIC = NO;
				GCC_NO_COMMON_BLOCKS = YES;
				GCC_OPTIMIZATION_LEVEL = 0;
				GCC_PREPROCESSOR_DEFINITIONS = (
					"DEBUG=1",
					"$(inherited)",
				);
				GCC_WARN_64_TO_32_BIT_CONVERSION = YES;
				GCC_WARN_ABOUT_RETURN_TYPE = YES_ERROR;
				GCC_WARN_UNDECLARED_SELECTOR = YES;
				GCC_WARN_UNINITIALIZED_AUTOS = YES_AGGRESSIVE;
				GCC_WARN_UNUSED_FUNCTION = YES;
				GCC_WARN_UNUSED_VARIABLE = YES;
				IPHONEOS_DEPLOYMENT_TARGET = 12.4;
				MTL_ENABLE_DEBUG_INFO = INCLUDE_SOURCE;
				MTL_FAST_MATH = YES;
				ONLY_ACTIVE_ARCH = YES;
				SDKROOT = iphoneos;
				SWIFT_ACTIVE_COMPILATION_CONDITIONS = DEBUG;
				SWIFT_OPTIMIZATION_LEVEL = "-Onone";
			};
			name = Debug;
		};
		2E05B34B233DF3A400B85865 /* Release */ = {
			isa = XCBuildConfiguration;
			buildSettings = {
				ALWAYS_SEARCH_USER_PATHS = NO;
				CLANG_ANALYZER_NONNULL = YES;
				CLANG_ANALYZER_NUMBER_OBJECT_CONVERSION = YES_AGGRESSIVE;
				CLANG_CXX_LANGUAGE_STANDARD = "gnu++14";
				CLANG_CXX_LIBRARY = "libc++";
				CLANG_ENABLE_MODULES = YES;
				CLANG_ENABLE_OBJC_ARC = YES;
				CLANG_ENABLE_OBJC_WEAK = YES;
				CLANG_WARN_BLOCK_CAPTURE_AUTORELEASING = YES;
				CLANG_WARN_BOOL_CONVERSION = YES;
				CLANG_WARN_COMMA = YES;
				CLANG_WARN_CONSTANT_CONVERSION = YES;
				CLANG_WARN_DEPRECATED_OBJC_IMPLEMENTATIONS = YES;
				CLANG_WARN_DIRECT_OBJC_ISA_USAGE = YES_ERROR;
				CLANG_WARN_DOCUMENTATION_COMMENTS = YES;
				CLANG_WARN_EMPTY_BODY = YES;
				CLANG_WARN_ENUM_CONVERSION = YES;
				CLANG_WARN_INFINITE_RECURSION = YES;
				CLANG_WARN_INT_CONVERSION = YES;
				CLANG_WARN_NON_LITERAL_NULL_CONVERSION = YES;
				CLANG_WARN_OBJC_IMPLICIT_RETAIN_SELF = YES;
				CLANG_WARN_OBJC_LITERAL_CONVERSION = YES;
				CLANG_WARN_OBJC_ROOT_CLASS = YES_ERROR;
				CLANG_WARN_RANGE_LOOP_ANALYSIS = YES;
				CLANG_WARN_STRICT_PROTOTYPES = YES;
				CLANG_WARN_SUSPICIOUS_MOVE = YES;
				CLANG_WARN_UNGUARDED_AVAILABILITY = YES_AGGRESSIVE;
				CLANG_WARN_UNREACHABLE_CODE = YES;
				CLANG_WARN__DUPLICATE_METHOD_MATCH = YES;
				CODE_SIGN_IDENTITY = "iPhone Developer";
				COPY_PHASE_STRIP = NO;
				DEBUG_INFORMATION_FORMAT = "dwarf-with-dsym";
				ENABLE_NS_ASSERTIONS = NO;
				ENABLE_STRICT_OBJC_MSGSEND = YES;
				GCC_C_LANGUAGE_STANDARD = gnu11;
				GCC_NO_COMMON_BLOCKS = YES;
				GCC_WARN_64_TO_32_BIT_CONVERSION = YES;
				GCC_WARN_ABOUT_RETURN_TYPE = YES_ERROR;
				GCC_WARN_UNDECLARED_SELECTOR = YES;
				GCC_WARN_UNINITIALIZED_AUTOS = YES_AGGRESSIVE;
				GCC_WARN_UNUSED_FUNCTION = YES;
				GCC_WARN_UNUSED_VARIABLE = YES;
				IPHONEOS_DEPLOYMENT_TARGET = 12.4;
				MTL_ENABLE_DEBUG_INFO = NO;
				MTL_FAST_MATH = YES;
				SDKROOT = iphoneos;
				SWIFT_COMPILATION_MODE = wholemodule;
				SWIFT_OPTIMIZATION_LEVEL = "-O";
				VALIDATE_PRODUCT = YES;
			};
			name = Release;
		};
		2E05B34D233DF3A400B85865 /* Debug */ = {
			isa = XCBuildConfiguration;
			baseConfigurationReference = 0174EA3CAA53D4EF47F67AA3 /* Pods-AlamofireDemo.debug.xcconfig */;
			buildSettings = {
				ASSETCATALOG_COMPILER_APPICON_NAME = AppIcon;
				CODE_SIGN_STYLE = Automatic;
				DEVELOPMENT_TEAM = DQ8HKAYL7D;
				INFOPLIST_FILE = AlamofireDemo/Info.plist;
				IPHONEOS_DEPLOYMENT_TARGET = 10.0;
				LD_RUNPATH_SEARCH_PATHS = (
					"$(inherited)",
					"@executable_path/Frameworks",
				);
				PRODUCT_BUNDLE_IDENTIFIER = com.aStudyer.AlamofireDemo;
				PRODUCT_NAME = "$(TARGET_NAME)";
				SWIFT_VERSION = 5.0;
				TARGETED_DEVICE_FAMILY = 1;
			};
			name = Debug;
		};
		2E05B34E233DF3A400B85865 /* Release */ = {
			isa = XCBuildConfiguration;
			baseConfigurationReference = 91F7B517EEF55031DD2B0BA2 /* Pods-AlamofireDemo.release.xcconfig */;
			buildSettings = {
				ASSETCATALOG_COMPILER_APPICON_NAME = AppIcon;
				CODE_SIGN_STYLE = Automatic;
				DEVELOPMENT_TEAM = DQ8HKAYL7D;
				INFOPLIST_FILE = AlamofireDemo/Info.plist;
				IPHONEOS_DEPLOYMENT_TARGET = 10.0;
				LD_RUNPATH_SEARCH_PATHS = (
					"$(inherited)",
					"@executable_path/Frameworks",
				);
				PRODUCT_BUNDLE_IDENTIFIER = com.aStudyer.AlamofireDemo;
				PRODUCT_NAME = "$(TARGET_NAME)";
				SWIFT_VERSION = 5.0;
				TARGETED_DEVICE_FAMILY = 1;
			};
			name = Release;
		};
/* End XCBuildConfiguration section */

/* Begin XCConfigurationList section */
		2E05B335233DF3A100B85865 /* Build configuration list for PBXProject "AlamofireDemo" */ = {
			isa = XCConfigurationList;
			buildConfigurations = (
				2E05B34A233DF3A400B85865 /* Debug */,
				2E05B34B233DF3A400B85865 /* Release */,
			);
			defaultConfigurationIsVisible = 0;
			defaultConfigurationName = Release;
		};
		2E05B34C233DF3A400B85865 /* Build configuration list for PBXNativeTarget "AlamofireDemo" */ = {
			isa = XCConfigurationList;
			buildConfigurations = (
				2E05B34D233DF3A400B85865 /* Debug */,
				2E05B34E233DF3A400B85865 /* Release */,
			);
			defaultConfigurationIsVisible = 0;
			defaultConfigurationName = Release;
		};
/* End XCConfigurationList section */
	};
	rootObject = 2E05B332233DF3A100B85865 /* Project object */;
}
